
Microsoft Visual Studio Solution File, Format Version 12.00
# Visual Studio Version 17
VisualStudioVersion = 17.6.33815.320
MinimumVisualStudioVersion = 10.0.40219.1
Project("{FAE04EC0-301F-11D3-BF4B-00C04F79EFBC}") = "Flowers_project", "Flowers_project\Flowers_project.csproj", "{B6345792-A49D-4476-8F24-D4A1F5B14103}"
EndProject
Global
	GlobalSection(SolutionConfigurationPlatforms) = preSolution
		Debug|Any CPU = Debug|Any CPU
		Release|Any CPU = Release|Any CPU
	EndGlobalSection
	GlobalSection(ProjectConfigurationPlatforms) = postSolution
		{B6345792-A49D-4476-8F24-D4A1F5B14103}.Debug|Any CPU.ActiveCfg = Debug|Any CPU
		{B6345792-A49D-4476-8F24-D4A1F5B14103}.Debug|Any CPU.Build.0 = Debug|Any CPU
		{B6345792-A49D-4476-8F24-D4A1F5B14103}.Release|Any CPU.ActiveCfg = Release|Any CPU
		{B6345792-A49D-4476-8F24-D4A1F5B14103}.Release|Any CPU.Build.0 = Release|Any CPU
	EndGlobalSection
	GlobalSection(SolutionProperties) = preSolution
		HideSolutionNode = FALSE
	EndGlobalSection
	GlobalSection(ExtensibilityGlobals) = postSolution
		SolutionGuid = {6778CDC9-305F-4725-81D7-1F2E7A99B03D}
	EndGlobalSection
EndGlobal
